
Microsoft Visual Studio Solution File, Format Version 10.00
# Visual Studio 2008
Project("{FAE04EC0-301F-11D3-BF4B-00C04F79EFBC}") = "OpenNETCF.Desktop.Communication", "OpenNETCF.Desktop.Communication.csproj", "{60FD337B-8EB5-4E20-A951-6EBB09CCE442}"
EndProject
Project("{FAE04EC0-301F-11D3-BF4B-00C04F79EFBC}") = "TSDServer", "..\TSDServer\TSDServer.csproj", "{349FA371-E4C8-4C15-9F68-9BFC314847EE}"
EndProject
Project("{54435603-DBB4-11D2-8724-00A0C9A8B90C}") = "SetupTsdServer", "..\SetupTsdServer\SetupTsdServer.vdproj", "{4C40B2F4-EE3B-4BD3-A390-C7DFF10E96C2}"
EndProject
Global
	GlobalSection(SubversionScc) = preSolution
		Svn-Managed = True
		Manager = AnkhSVN - Subversion Support for Visual Studio
	EndGlobalSection
	GlobalSection(SolutionConfigurationPlatforms) = preSolution
		Debug|Any CPU = Debug|Any CPU
		Release|Any CPU = Release|Any CPU
	EndGlobalSection
	GlobalSection(ProjectConfigurationPlatforms) = postSolution
		{60FD337B-8EB5-4E20-A951-6EBB09CCE442}.Debug|Any CPU.ActiveCfg = Debug|Any CPU
		{60FD337B-8EB5-4E20-A951-6EBB09CCE442}.Debug|Any CPU.Build.0 = Debug|Any CPU
		{60FD337B-8EB5-4E20-A951-6EBB09CCE442}.Release|Any CPU.ActiveCfg = Release|Any CPU
		{60FD337B-8EB5-4E20-A951-6EBB09CCE442}.Release|Any CPU.Build.0 = Release|Any CPU
		{349FA371-E4C8-4C15-9F68-9BFC314847EE}.Debug|Any CPU.ActiveCfg = Debug|Any CPU
		{349FA371-E4C8-4C15-9F68-9BFC314847EE}.Debug|Any CPU.Build.0 = Debug|Any CPU
		{349FA371-E4C8-4C15-9F68-9BFC314847EE}.Release|Any CPU.ActiveCfg = Release|Any CPU
		{349FA371-E4C8-4C15-9F68-9BFC314847EE}.Release|Any CPU.Build.0 = Release|Any CPU
		{4C40B2F4-EE3B-4BD3-A390-C7DFF10E96C2}.Debug|Any CPU.ActiveCfg = Debug
		{4C40B2F4-EE3B-4BD3-A390-C7DFF10E96C2}.Release|Any CPU.ActiveCfg = Release
	EndGlobalSection
	GlobalSection(SolutionProperties) = preSolution
		HideSolutionNode = FALSE
	EndGlobalSection
	GlobalSection(TeamFoundationVersionControl) = preSolution
		SccNumberOfProjects = 2
		SccEnterpriseProvider = {4CA58AB2-18FA-4F8D-95D4-32DDF27D184C}
		SccTeamFoundationServer = https://tfs06.codeplex.com/
		SccLocalPath0 = .
		SccProjectUniqueName1 = OpenNETCF.Desktop.Communication.csproj
		SccLocalPath1 = .
	EndGlobalSection
EndGlobal
